
Microsoft Visual Studio Solution File, Format Version 12.00
# Visual Studio Version 17
VisualStudioVersion = 17.5.33414.496
MinimumVisualStudioVersion = 10.0.40219.1
Project("{FAE04EC0-301F-11D3-BF4B-00C04F79EFBC}") = "SEDC.Homework_04", "SEDC.Homework_04\SEDC.Homework_04.csproj", "{1939E185-3829-4D19-87D8-1550CA99FF72}"
EndProject
Global
	GlobalSection(SolutionConfigurationPlatforms) = preSolution
		Debug|Any CPU = Debug|Any CPU
		Release|Any CPU = Release|Any CPU
	EndGlobalSection
	GlobalSection(ProjectConfigurationPlatforms) = postSolution
		{1939E185-3829-4D19-87D8-1550CA99FF72}.Debug|Any CPU.ActiveCfg = Debug|Any CPU
		{1939E185-3829-4D19-87D8-1550CA99FF72}.Debug|Any CPU.Build.0 = Debug|Any CPU
		{1939E185-3829-4D19-87D8-1550CA99FF72}.Release|Any CPU.ActiveCfg = Release|Any CPU
		{1939E185-3829-4D19-87D8-1550CA99FF72}.Release|Any CPU.Build.0 = Release|Any CPU
	EndGlobalSection
	GlobalSection(SolutionProperties) = preSolution
		HideSolutionNode = FALSE
	EndGlobalSection
	GlobalSection(ExtensibilityGlobals) = postSolution
		SolutionGuid = {AF81FA77-D6F9-4349-AA89-8FA37DFC7C9C}
	EndGlobalSection
EndGlobal
